
Microsoft Visual Studio Solution File, Format Version 12.00
# Visual Studio 2012
Project("{2150E333-8FDC-42A3-9474-1A3956D46DE8}") = "Classes", "Classes", "{C5ECAAF5-EC67-4B88-8437-A6BB013CA1BF}"
EndProject
Project("{2150E333-8FDC-42A3-9474-1A3956D46DE8}") = "Repositories", "Repositories", "{2D02A6AB-7EF4-4DE6-8BA1-9EFF594F1A88}"
EndProject
Project("{2150E333-8FDC-42A3-9474-1A3956D46DE8}") = "Services", "Services", "{533C3B45-ADC8-4C8E-BFEC-C8D9266C5AF0}"
EndProject
Project("{2150E333-8FDC-42A3-9474-1A3956D46DE8}") = "Utilities", "Utilities", "{9F9F3558-598B-4E04-9C7D-10EC33A31684}"
EndProject
Project("{2150E333-8FDC-42A3-9474-1A3956D46DE8}") = "Documents", "Documents", "{3A93A42C-E452-44D7-8C6C-5BC10683C209}"
EndProject
Project("{2150E333-8FDC-42A3-9474-1A3956D46DE8}") = "Process Flow Diagrams", "Process Flow Diagrams", "{51F806D5-0476-4851-996E-DD8904FDD5C2}"
EndProject
Project("{2150E333-8FDC-42A3-9474-1A3956D46DE8}") = "Storyboards", "Storyboards", "{223AB42A-B0BA-469D-ABBA-027A39153EB0}"
EndProject
Project("{2150E333-8FDC-42A3-9474-1A3956D46DE8}") = "Wireframes", "Wireframes", "{8C26B12B-6912-4407-BACE-0D3D9BF76E2B}"
EndProject
Project("{2150E333-8FDC-42A3-9474-1A3956D46DE8}") = "Tools", "Tools", "{0BD2CE9D-18CB-43C4-8689-5158C5913EF1}"
EndProject
Project("{2150E333-8FDC-42A3-9474-1A3956D46DE8}") = "Less Compiler", "Less Compiler", "{9724AD3C-714C-45B5-BC89-23853703C2CF}"
	ProjectSection(SolutionItems) = preProject
		Tools\LessCompiler\dotlesscompiler.exe = Tools\LessCompiler\dotlesscompiler.exe
	EndProjectSection
EndProject
Project("{2150E333-8FDC-42A3-9474-1A3956D46DE8}") = "Web Drivers", "Web Drivers", "{064CF130-8D0A-4D5B-AD37-C4A63CEF60B9}"
	ProjectSection(SolutionItems) = preProject
		Tools\WebDrivers\ChromeDriver.exe = Tools\WebDrivers\ChromeDriver.exe
		Tools\WebDrivers\IEDriverServer.exe = Tools\WebDrivers\IEDriverServer.exe
	EndProjectSection
EndProject
Project("{2150E333-8FDC-42A3-9474-1A3956D46DE8}") = "Websites", "Websites", "{48168818-37FE-4C25-80FB-42FE0455491C}"
EndProject
Project("{2150E333-8FDC-42A3-9474-1A3956D46DE8}") = "Applications", "Applications", "{8C5BA882-8637-47F3-89D2-39C4954A83FB}"
EndProject
Project("{2150E333-8FDC-42A3-9474-1A3956D46DE8}") = "Prototypes", "Prototypes", "{EDC1B013-7EEF-4D0F-ADFD-FF622079F873}"
EndProject
Project("{2150E333-8FDC-42A3-9474-1A3956D46DE8}") = "Tests", "Tests", "{074BFFFC-A5D8-4377-9CCD-4340A4050335}"
EndProject
Project("{2150E333-8FDC-42A3-9474-1A3956D46DE8}") = "Websites", "Websites", "{200F46F0-BE7B-4AF0-BCF0-344D27356B68}"
EndProject
Project("{2150E333-8FDC-42A3-9474-1A3956D46DE8}") = "Tests", "Tests", "{09656534-A8E4-420B-BC0D-23048C0BCA44}"
EndProject
Project("{2150E333-8FDC-42A3-9474-1A3956D46DE8}") = "Tests", "Tests", "{4A78912D-E36C-4682-8BB9-CBBDA907D40E}"
EndProject
Project("{2150E333-8FDC-42A3-9474-1A3956D46DE8}") = "Tests", "Tests", "{307C799B-0D85-4D27-BA3A-69A8499A0786}"
EndProject
Project("{2150E333-8FDC-42A3-9474-1A3956D46DE8}") = ".nuget", ".nuget", "{1B0824CB-B931-4A52-AEF4-5545AA387008}"
	ProjectSection(SolutionItems) = preProject
		.nuget\NuGet.Config = .nuget\NuGet.Config
		.nuget\NuGet.exe = .nuget\NuGet.exe
		.nuget\NuGet.targets = .nuget\NuGet.targets
	EndProjectSection
EndProject
Project("{FAE04EC0-301F-11D3-BF4B-00C04F79EFBC}") = "Thermostat.Repository", "Classes\Repositories\Thermostat.Repository\Thermostat.Repository.csproj", "{8638F430-A2DE-4338-BCB2-5BEA08B97DED}"
EndProject
Project("{FAE04EC0-301F-11D3-BF4B-00C04F79EFBC}") = "Thermostat.Repository.Interface", "Classes\Repositories\Thermostat.Repository.Interface\Thermostat.Repository.Interface.csproj", "{8095A629-825A-4372-8EAC-CDAF0D786282}"
EndProject
Project("{FAE04EC0-301F-11D3-BF4B-00C04F79EFBC}") = "Thermostat.Repository.Model", "Classes\Repositories\Thermostat.Repository.Model\Thermostat.Repository.Model.csproj", "{2608E732-CF10-44E5-9181-4409323BFF48}"
EndProject
Project("{FAE04EC0-301F-11D3-BF4B-00C04F79EFBC}") = "Thermostat.Repository.Test.Unit", "Classes\Repositories\Tests\Thermostat.Repository.Test.Unit\Thermostat.Repository.Test.Unit.csproj", "{183FF4E3-3580-4932-862C-F187C26B4811}"
EndProject
Project("{FAE04EC0-301F-11D3-BF4B-00C04F79EFBC}") = "Thermostat.Repository.Model.Test.Unit", "Classes\Repositories\Tests\Thermostat.Repository.Model.Test.Unit\Thermostat.Repository.Model.Test.Unit.csproj", "{D26F42F4-45A2-4A38-93A7-55E99BD41CAD}"
EndProject
Project("{FAE04EC0-301F-11D3-BF4B-00C04F79EFBC}") = "Thermostat.Common", "Classes\Utilities\Thermostat.Common\Thermostat.Common.csproj", "{64B9E297-0835-4656-8041-E9AF9BE454C1}"
EndProject
Project("{FAE04EC0-301F-11D3-BF4B-00C04F79EFBC}") = "Thermostat.Common.Test.Unit", "Classes\Utilities\Tests\Thermostat.Common.Test.Unit\Thermostat.Common.Test.Unit.csproj", "{8CE6EDA7-2143-46C9-8187-64CCDCAB79F8}"
EndProject
Project("{FAE04EC0-301F-11D3-BF4B-00C04F79EFBC}") = "Thermostat.Service", "Classes\Services\Thermostat.Service\Thermostat.Service.csproj", "{D648A744-64FF-467D-93F7-CF63B9C0C3DE}"
EndProject
Project("{FAE04EC0-301F-11D3-BF4B-00C04F79EFBC}") = "Thermostat.Service.Interface", "Classes\Services\Thermostat.Service.Interface\Thermostat.Service.Interface.csproj", "{B33B7E4E-303E-4608-A73C-235C67B905F1}"
EndProject
Project("{FAE04EC0-301F-11D3-BF4B-00C04F79EFBC}") = "Thermostat.Service.Model", "Classes\Services\Thermostat.Service.Model\Thermostat.Service.Model.csproj", "{0F1D3406-4847-4853-9D4B-96AE492658E4}"
EndProject
Project("{FAE04EC0-301F-11D3-BF4B-00C04F79EFBC}") = "Thermostat.Service.Test.Unit", "Classes\Services\Tests\Thermostat.Service.Test.Unit\Thermostat.Service.Test.Unit.csproj", "{ED7A84C6-82B8-40C9-9578-23D8DED866A8}"
EndProject
Project("{FAE04EC0-301F-11D3-BF4B-00C04F79EFBC}") = "Thermostat.Service.Model.Test.Unit", "Classes\Services\Tests\Thermostat.Service.Model.Test.Unit\Thermostat.Service.Model.Test.Unit.csproj", "{6CC07683-4CAD-4E79-BBD3-4F76F799C48D}"
EndProject
Project("{FAE04EC0-301F-11D3-BF4B-00C04F79EFBC}") = "Thermostat.Website", "Websites\Websites\Thermostat.Website\Thermostat.Website.csproj", "{6BEE44FF-B98F-4694-85D9-ADC43780A17A}"
EndProject
Project("{FAE04EC0-301F-11D3-BF4B-00C04F79EFBC}") = "Thermostat.Website.Test.Acceptance", "Websites\Tests\Thermostat.Website.Test.Acceptance\Thermostat.Website.Test.Acceptance.csproj", "{73AFA4BA-B019-41C5-9A64-FE9BE06D802F}"
EndProject
Global
	GlobalSection(SolutionConfigurationPlatforms) = preSolution
		Debug|Any CPU = Debug|Any CPU
		Release|Any CPU = Release|Any CPU
	EndGlobalSection
	GlobalSection(ProjectConfigurationPlatforms) = postSolution
		{8638F430-A2DE-4338-BCB2-5BEA08B97DED}.Debug|Any CPU.ActiveCfg = Debug|Any CPU
		{8638F430-A2DE-4338-BCB2-5BEA08B97DED}.Debug|Any CPU.Build.0 = Debug|Any CPU
		{8638F430-A2DE-4338-BCB2-5BEA08B97DED}.Release|Any CPU.ActiveCfg = Release|Any CPU
		{8638F430-A2DE-4338-BCB2-5BEA08B97DED}.Release|Any CPU.Build.0 = Release|Any CPU
		{8095A629-825A-4372-8EAC-CDAF0D786282}.Debug|Any CPU.ActiveCfg = Debug|Any CPU
		{8095A629-825A-4372-8EAC-CDAF0D786282}.Debug|Any CPU.Build.0 = Debug|Any CPU
		{8095A629-825A-4372-8EAC-CDAF0D786282}.Release|Any CPU.ActiveCfg = Release|Any CPU
		{8095A629-825A-4372-8EAC-CDAF0D786282}.Release|Any CPU.Build.0 = Release|Any CPU
		{2608E732-CF10-44E5-9181-4409323BFF48}.Debug|Any CPU.ActiveCfg = Debug|Any CPU
		{2608E732-CF10-44E5-9181-4409323BFF48}.Debug|Any CPU.Build.0 = Debug|Any CPU
		{2608E732-CF10-44E5-9181-4409323BFF48}.Release|Any CPU.ActiveCfg = Release|Any CPU
		{2608E732-CF10-44E5-9181-4409323BFF48}.Release|Any CPU.Build.0 = Release|Any CPU
		{183FF4E3-3580-4932-862C-F187C26B4811}.Debug|Any CPU.ActiveCfg = Debug|Any CPU
		{183FF4E3-3580-4932-862C-F187C26B4811}.Debug|Any CPU.Build.0 = Debug|Any CPU
		{183FF4E3-3580-4932-862C-F187C26B4811}.Release|Any CPU.ActiveCfg = Release|Any CPU
		{183FF4E3-3580-4932-862C-F187C26B4811}.Release|Any CPU.Build.0 = Release|Any CPU
		{D26F42F4-45A2-4A38-93A7-55E99BD41CAD}.Debug|Any CPU.ActiveCfg = Debug|Any CPU
		{D26F42F4-45A2-4A38-93A7-55E99BD41CAD}.Debug|Any CPU.Build.0 = Debug|Any CPU
		{D26F42F4-45A2-4A38-93A7-55E99BD41CAD}.Release|Any CPU.ActiveCfg = Release|Any CPU
		{D26F42F4-45A2-4A38-93A7-55E99BD41CAD}.Release|Any CPU.Build.0 = Release|Any CPU
		{64B9E297-0835-4656-8041-E9AF9BE454C1}.Debug|Any CPU.ActiveCfg = Debug|Any CPU
		{64B9E297-0835-4656-8041-E9AF9BE454C1}.Debug|Any CPU.Build.0 = Debug|Any CPU
		{64B9E297-0835-4656-8041-E9AF9BE454C1}.Release|Any CPU.ActiveCfg = Release|Any CPU
		{64B9E297-0835-4656-8041-E9AF9BE454C1}.Release|Any CPU.Build.0 = Release|Any CPU
		{8CE6EDA7-2143-46C9-8187-64CCDCAB79F8}.Debug|Any CPU.ActiveCfg = Debug|Any CPU
		{8CE6EDA7-2143-46C9-8187-64CCDCAB79F8}.Debug|Any CPU.Build.0 = Debug|Any CPU
		{8CE6EDA7-2143-46C9-8187-64CCDCAB79F8}.Release|Any CPU.ActiveCfg = Release|Any CPU
		{8CE6EDA7-2143-46C9-8187-64CCDCAB79F8}.Release|Any CPU.Build.0 = Release|Any CPU
		{D648A744-64FF-467D-93F7-CF63B9C0C3DE}.Debug|Any CPU.ActiveCfg = Debug|Any CPU
		{D648A744-64FF-467D-93F7-CF63B9C0C3DE}.Debug|Any CPU.Build.0 = Debug|Any CPU
		{D648A744-64FF-467D-93F7-CF63B9C0C3DE}.Release|Any CPU.ActiveCfg = Release|Any CPU
		{D648A744-64FF-467D-93F7-CF63B9C0C3DE}.Release|Any CPU.Build.0 = Release|Any CPU
		{B33B7E4E-303E-4608-A73C-235C67B905F1}.Debug|Any CPU.ActiveCfg = Debug|Any CPU
		{B33B7E4E-303E-4608-A73C-235C67B905F1}.Debug|Any CPU.Build.0 = Debug|Any CPU
		{B33B7E4E-303E-4608-A73C-235C67B905F1}.Release|Any CPU.ActiveCfg = Release|Any CPU
		{B33B7E4E-303E-4608-A73C-235C67B905F1}.Release|Any CPU.Build.0 = Release|Any CPU
		{0F1D3406-4847-4853-9D4B-96AE492658E4}.Debug|Any CPU.ActiveCfg = Debug|Any CPU
		{0F1D3406-4847-4853-9D4B-96AE492658E4}.Debug|Any CPU.Build.0 = Debug|Any CPU
		{0F1D3406-4847-4853-9D4B-96AE492658E4}.Release|Any CPU.ActiveCfg = Release|Any CPU
		{0F1D3406-4847-4853-9D4B-96AE492658E4}.Release|Any CPU.Build.0 = Release|Any CPU
		{ED7A84C6-82B8-40C9-9578-23D8DED866A8}.Debug|Any CPU.ActiveCfg = Debug|Any CPU
		{ED7A84C6-82B8-40C9-9578-23D8DED866A8}.Debug|Any CPU.Build.0 = Debug|Any CPU
		{ED7A84C6-82B8-40C9-9578-23D8DED866A8}.Release|Any CPU.ActiveCfg = Release|Any CPU
		{ED7A84C6-82B8-40C9-9578-23D8DED866A8}.Release|Any CPU.Build.0 = Release|Any CPU
		{6CC07683-4CAD-4E79-BBD3-4F76F799C48D}.Debug|Any CPU.ActiveCfg = Debug|Any CPU
		{6CC07683-4CAD-4E79-BBD3-4F76F799C48D}.Debug|Any CPU.Build.0 = Debug|Any CPU
		{6CC07683-4CAD-4E79-BBD3-4F76F799C48D}.Release|Any CPU.ActiveCfg = Release|Any CPU
		{6CC07683-4CAD-4E79-BBD3-4F76F799C48D}.Release|Any CPU.Build.0 = Release|Any CPU
		{6BEE44FF-B98F-4694-85D9-ADC43780A17A}.Debug|Any CPU.ActiveCfg = Debug|Any CPU
		{6BEE44FF-B98F-4694-85D9-ADC43780A17A}.Debug|Any CPU.Build.0 = Debug|Any CPU
		{6BEE44FF-B98F-4694-85D9-ADC43780A17A}.Release|Any CPU.ActiveCfg = Release|Any CPU
		{6BEE44FF-B98F-4694-85D9-ADC43780A17A}.Release|Any CPU.Build.0 = Release|Any CPU
		{73AFA4BA-B019-41C5-9A64-FE9BE06D802F}.Debug|Any CPU.ActiveCfg = Debug|Any CPU
		{73AFA4BA-B019-41C5-9A64-FE9BE06D802F}.Debug|Any CPU.Build.0 = Debug|Any CPU
		{73AFA4BA-B019-41C5-9A64-FE9BE06D802F}.Release|Any CPU.ActiveCfg = Release|Any CPU
		{73AFA4BA-B019-41C5-9A64-FE9BE06D802F}.Release|Any CPU.Build.0 = Release|Any CPU
	EndGlobalSection
	GlobalSection(SolutionProperties) = preSolution
		HideSolutionNode = FALSE
	EndGlobalSection
	GlobalSection(NestedProjects) = preSolution
		{2D02A6AB-7EF4-4DE6-8BA1-9EFF594F1A88} = {C5ECAAF5-EC67-4B88-8437-A6BB013CA1BF}
		{533C3B45-ADC8-4C8E-BFEC-C8D9266C5AF0} = {C5ECAAF5-EC67-4B88-8437-A6BB013CA1BF}
		{9F9F3558-598B-4E04-9C7D-10EC33A31684} = {C5ECAAF5-EC67-4B88-8437-A6BB013CA1BF}
		{09656534-A8E4-420B-BC0D-23048C0BCA44} = {2D02A6AB-7EF4-4DE6-8BA1-9EFF594F1A88}
		{8638F430-A2DE-4338-BCB2-5BEA08B97DED} = {2D02A6AB-7EF4-4DE6-8BA1-9EFF594F1A88}
		{8095A629-825A-4372-8EAC-CDAF0D786282} = {2D02A6AB-7EF4-4DE6-8BA1-9EFF594F1A88}
		{2608E732-CF10-44E5-9181-4409323BFF48} = {2D02A6AB-7EF4-4DE6-8BA1-9EFF594F1A88}
		{4A78912D-E36C-4682-8BB9-CBBDA907D40E} = {533C3B45-ADC8-4C8E-BFEC-C8D9266C5AF0}
		{D648A744-64FF-467D-93F7-CF63B9C0C3DE} = {533C3B45-ADC8-4C8E-BFEC-C8D9266C5AF0}
		{B33B7E4E-303E-4608-A73C-235C67B905F1} = {533C3B45-ADC8-4C8E-BFEC-C8D9266C5AF0}
		{0F1D3406-4847-4853-9D4B-96AE492658E4} = {533C3B45-ADC8-4C8E-BFEC-C8D9266C5AF0}
		{307C799B-0D85-4D27-BA3A-69A8499A0786} = {9F9F3558-598B-4E04-9C7D-10EC33A31684}
		{64B9E297-0835-4656-8041-E9AF9BE454C1} = {9F9F3558-598B-4E04-9C7D-10EC33A31684}
		{51F806D5-0476-4851-996E-DD8904FDD5C2} = {3A93A42C-E452-44D7-8C6C-5BC10683C209}
		{223AB42A-B0BA-469D-ABBA-027A39153EB0} = {3A93A42C-E452-44D7-8C6C-5BC10683C209}
		{8C26B12B-6912-4407-BACE-0D3D9BF76E2B} = {3A93A42C-E452-44D7-8C6C-5BC10683C209}
		{9724AD3C-714C-45B5-BC89-23853703C2CF} = {0BD2CE9D-18CB-43C4-8689-5158C5913EF1}
		{064CF130-8D0A-4D5B-AD37-C4A63CEF60B9} = {0BD2CE9D-18CB-43C4-8689-5158C5913EF1}
		{8C5BA882-8637-47F3-89D2-39C4954A83FB} = {48168818-37FE-4C25-80FB-42FE0455491C}
		{EDC1B013-7EEF-4D0F-ADFD-FF622079F873} = {48168818-37FE-4C25-80FB-42FE0455491C}
		{074BFFFC-A5D8-4377-9CCD-4340A4050335} = {48168818-37FE-4C25-80FB-42FE0455491C}
		{200F46F0-BE7B-4AF0-BCF0-344D27356B68} = {48168818-37FE-4C25-80FB-42FE0455491C}
		{73AFA4BA-B019-41C5-9A64-FE9BE06D802F} = {074BFFFC-A5D8-4377-9CCD-4340A4050335}
		{6BEE44FF-B98F-4694-85D9-ADC43780A17A} = {200F46F0-BE7B-4AF0-BCF0-344D27356B68}
		{183FF4E3-3580-4932-862C-F187C26B4811} = {09656534-A8E4-420B-BC0D-23048C0BCA44}
		{D26F42F4-45A2-4A38-93A7-55E99BD41CAD} = {09656534-A8E4-420B-BC0D-23048C0BCA44}
		{ED7A84C6-82B8-40C9-9578-23D8DED866A8} = {4A78912D-E36C-4682-8BB9-CBBDA907D40E}
		{6CC07683-4CAD-4E79-BBD3-4F76F799C48D} = {4A78912D-E36C-4682-8BB9-CBBDA907D40E}
		{8CE6EDA7-2143-46C9-8187-64CCDCAB79F8} = {307C799B-0D85-4D27-BA3A-69A8499A0786}
	EndGlobalSection
EndGlobal
